
Microsoft Visual Studio Solution File, Format Version 12.00
# Visual Studio Version 17
VisualStudioVersion = 17.13.35931.197 d17.13
MinimumVisualStudioVersion = 10.0.40219.1
Project("{FAE04EC0-301F-11D3-BF4B-00C04F79EFBC}") = "Screens_01", "Screens_01\Screens_01.csproj", "{57265CEB-8AA8-4B3B-AA7C-9DE9BABD4A96}"
EndProject
Global
	GlobalSection(SolutionConfigurationPlatforms) = preSolution
		Debug|Any CPU = Debug|Any CPU
		Debug|ARM64 = Debug|ARM64
		Release|Any CPU = Release|Any CPU
		Release|ARM64 = Release|ARM64
	EndGlobalSection
	GlobalSection(ProjectConfigurationPlatforms) = postSolution
		{57265CEB-8AA8-4B3B-AA7C-9DE9BABD4A96}.Debug|Any CPU.ActiveCfg = Debug|Any CPU
		{57265CEB-8AA8-4B3B-AA7C-9DE9BABD4A96}.Debug|Any CPU.Build.0 = Debug|Any CPU
		{57265CEB-8AA8-4B3B-AA7C-9DE9BABD4A96}.Debug|ARM64.ActiveCfg = Debug|ARM64
		{57265CEB-8AA8-4B3B-AA7C-9DE9BABD4A96}.Debug|ARM64.Build.0 = Debug|ARM64
		{57265CEB-8AA8-4B3B-AA7C-9DE9BABD4A96}.Release|Any CPU.ActiveCfg = Release|Any CPU
		{57265CEB-8AA8-4B3B-AA7C-9DE9BABD4A96}.Release|Any CPU.Build.0 = Release|Any CPU
		{57265CEB-8AA8-4B3B-AA7C-9DE9BABD4A96}.Release|ARM64.ActiveCfg = Release|ARM64
		{57265CEB-8AA8-4B3B-AA7C-9DE9BABD4A96}.Release|ARM64.Build.0 = Release|ARM64
	EndGlobalSection
	GlobalSection(SolutionProperties) = preSolution
		HideSolutionNode = FALSE
	EndGlobalSection
EndGlobal
